version = 1
revision = 3
requires-python = ">=3.11"

[[package]]
name = "colorama"
version = "0.4.6"
source = { registry = "https://pypi.org/simple" }
sdist = { url = "https://files.pythonhosted.org/packages/d8/53/6f443c9a4a8358a93a6792e2acffb9d9d5cb0a5cfd8802644b7b1c9a02e4/colorama-0.4.6.tar.gz", hash = "sha256:08695f5cb7ed6e0531a20572697297273c47b8cae5a63ffc6d6ed5c201be6e44", size = 27697, upload-time = "2022-10-25T02:36:22.414Z" }
wheels = [
    { url = "https://files.pythonhosted.org/packages/d1/d6/3965ed04c63042e047cb6a3e6ed1a63a35087b6a609aa3a15ed8ac56c221/colorama-0.4.6-py2.py3-none-any.whl", hash = "sha256:4f1d9991f5acc0ca119f9d443620b77f9d6b33703e51011c16baf57afb285fc6", size = 25335, upload-time = "2022-10-25T02:36:20.889Z" },
]

[[package]]
name = "hopper"
version = "0.1.0"
source = { editable = "." }
dependencies = [
    { name = "platformdirs" },
    { name = "pytest" },
    { name = "pytest-asyncio" },
    { name = "ruff" },
    { name = "setproctitle" },
    { name = "textual" },
]

[package.metadata]
requires-dist = [
    { name = "platformdirs" },
    { name = "pytest" },
    { name = "pytest-asyncio" },
    { name = "ruff" },
    { name = "setproctitle" },
    { name = "textual", specifier = ">=1.0.0" },
]

[[package]]
name = "iniconfig"
version = "2.3.0"
source = { registry = "https://pypi.org/simple" }
sdist = { url = "https://files.pythonhosted.org/packages/72/34/14ca021ce8e5dfedc35312d08ba8bf51fdd999c576889fc2c24cb97f4f10/iniconfig-2.3.0.tar.gz", hash = "sha256:c76315c77db068650d49c5b56314774a7804df16fee4402c1f19d6d15d8c4730", size = 20503, upload-time = "2025-10-18T21:55:43.219Z" }
wheels = [
    { url = "https://files.pythonhosted.org/packages/cb/b1/3846dd7f199d53cb17f49cba7e651e9ce294d8497c8c150530ed11865bb8/iniconfig-2.3.0-py3-none-any.whl", hash = "sha256:f631c04d2c48c52b84d0d0549c99ff3859c98df65b3101406327ecc7d53fbf12", size = 7484, upload-time = "2025-10-18T21:55:41.639Z" },
]

[[package]]
name = "linkify-it-py"
version = "2.0.3"
source = { registry = "https://pypi.org/simple" }
dependencies = [
    { name = "uc-micro-py" },
]
sdist = { url = "https://files.pythonhosted.org/packages/2a/ae/bb56c6828e4797ba5a4821eec7c43b8bf40f69cda4d4f5f8c8a2810ec96a/linkify-it-py-2.0.3.tar.gz", hash = "sha256:68cda27e162e9215c17d786649d1da0021a451bdc436ef9e0fa0ba5234b9b048", size = 27946, upload-time = "2024-02-04T14:48:04.179Z" }
wheels = [
    { url = "https://files.pythonhosted.org/packages/04/1e/b832de447dee8b582cac175871d2f6c3d5077cc56d5575cadba1fd1cccfa/linkify_it_py-2.0.3-py3-none-any.whl", hash = "sha256:6bcbc417b0ac14323382aef5c5192c0075bf8a9d6b41820a2b66371eac6b6d79", size = 19820, upload-time = "2024-02-04T14:48:02.496Z" },
]

[[package]]
name = "markdown-it-py"
version = "4.0.0"
source = { registry = "https://pypi.org/simple" }
dependencies = [
    { name = "mdurl" },
]
sdist = { url = "https://files.pythonhosted.org/packages/5b/f5/4ec618ed16cc4f8fb3b701563655a69816155e79e24a17b651541804721d/markdown_it_py-4.0.0.tar.gz", hash = "sha256:cb0a2b4aa34f932c007117b194e945bd74e0ec24133ceb5bac59009cda1cb9f3", size = 73070, upload-time = "2025-08-11T12:57:52.854Z" }
wheels = [
    { url = "https://files.pythonhosted.org/packages/94/54/e7d793b573f298e1c9013b8c4dade17d481164aa517d1d7148619c2cedbf/markdown_it_py-4.0.0-py3-none-any.whl", hash = "sha256:87327c59b172c5011896038353a81343b6754500a08cd7a4973bb48c6d578147", size = 87321, upload-time = "2025-08-11T12:57:51.923Z" },
]

[package.optional-dependencies]
linkify = [
    { name = "linkify-it-py" },
]

[[package]]
name = "mdit-py-plugins"
version = "0.5.0"
source = { registry = "https://pypi.org/simple" }
dependencies = [
    { name = "markdown-it-py" },
]
sdist = { url = "https://files.pythonhosted.org/packages/b2/fd/a756d36c0bfba5f6e39a1cdbdbfdd448dc02692467d83816dff4592a1ebc/mdit_py_plugins-0.5.0.tar.gz", hash = "sha256:f4918cb50119f50446560513a8e311d574ff6aaed72606ddae6d35716fe809c6", size = 44655, upload-time = "2025-08-11T07:25:49.083Z" }
wheels = [
    { url = "https://files.pythonhosted.org/packages/fb/86/dd6e5db36df29e76c7a7699123569a4a18c1623ce68d826ed96c62643cae/mdit_py_plugins-0.5.0-py3-none-any.whl", hash = "sha256:07a08422fc1936a5d26d146759e9155ea466e842f5ab2f7d2266dd084c8dab1f", size = 57205, upload-time = "2025-08-11T07:25:47.597Z" },
]

[[package]]
name = "mdurl"
version = "0.1.2"
source = { registry = "https://pypi.org/simple" }
sdist = { url = "https://files.pythonhosted.org/packages/d6/54/cfe61301667036ec958cb99bd3efefba235e65cdeb9c84d24a8293ba1d90/mdurl-0.1.2.tar.gz", hash = "sha256:bb413d29f5eea38f31dd4754dd7377d4465116fb207585f97bf925588687c1ba", size = 8729, upload-time = "2022-08-14T12:40:10.846Z" }
wheels = [
    { url = "https://files.pythonhosted.org/packages/b3/38/89ba8ad64ae25be8de66a6d463314cf1eb366222074cfda9ee839c56a4b4/mdurl-0.1.2-py3-none-any.whl", hash = "sha256:84008a41e51615a49fc9966191ff91509e3c40b939176e643fd50a5c2196b8f8", size = 9979, upload-time = "2022-08-14T12:40:09.779Z" },
]

[[package]]
name = "packaging"
version = "26.0"
source = { registry = "https://pypi.org/simple" }
sdist = { url = "https://files.pythonhosted.org/packages/65/ee/299d360cdc32edc7d2cf530f3accf79c4fca01e96ffc950d8a52213bd8e4/packaging-26.0.tar.gz", hash = "sha256:00243ae351a257117b6a241061796684b084ed1c516a08c48a3f7e147a9d80b4", size = 143416, upload-time = "2026-01-21T20:50:39.064Z" }
wheels = [
    { url = "https://files.pythonhosted.org/packages/b7/b9/c538f279a4e237a006a2c98387d081e9eb060d203d8ed34467cc0f0b9b53/packaging-26.0-py3-none-any.whl", hash = "sha256:b36f1fef9334a5588b4166f8bcd26a14e521f2b55e6b9de3aaa80d3ff7a37529", size = 74366, upload-time = "2026-01-21T20:50:37.788Z" },
]

[[package]]
name = "platformdirs"
version = "4.5.1"
source = { registry = "https://pypi.org/simple" }
sdist = { url = "https://files.pythonhosted.org/packages/cf/86/0248f086a84f01b37aaec0fa567b397df1a119f73c16f6c7a9aac73ea309/platformdirs-4.5.1.tar.gz", hash = "sha256:61d5cdcc6065745cdd94f0f878977f8de9437be93de97c1c12f853c9c0cdcbda", size = 21715, upload-time = "2025-12-05T13:52:58.638Z" }
wheels = [
    { url = "https://files.pythonhosted.org/packages/cb/28/3bfe2fa5a7b9c46fe7e13c97bda14c895fb10fa2ebf1d0abb90e0cea7ee1/platformdirs-4.5.1-py3-none-any.whl", hash = "sha256:d03afa3963c806a9bed9d5125c8f4cb2fdaf74a55ab60e5d59b3fde758104d31", size = 18731, upload-time = "2025-12-05T13:52:56.823Z" },
]

[[package]]
name = "pluggy"
version = "1.6.0"
source = { registry = "https://pypi.org/simple" }
sdist = { url = "https://files.pythonhosted.org/packages/f9/e2/3e91f31a7d2b083fe6ef3fa267035b518369d9511ffab804f839851d2779/pluggy-1.6.0.tar.gz", hash = "sha256:7dcc130b76258d33b90f61b658791dede3486c3e6bfb003ee5c9bfb396dd22f3", size = 69412, upload-time = "2025-05-15T12:30:07.975Z" }
wheels = [
    { url = "https://files.pythonhosted.org/packages/54/20/4d324d65cc6d9205fabedc306948156824eb9f0ee1633355a8f7ec5c66bf/pluggy-1.6.0-py3-none-any.whl", hash = "sha256:e920276dd6813095e9377c0bc5566d94c932c33b27a3e3945d8389c374dd4746", size = 20538, upload-time = "2025-05-15T12:30:06.134Z" },
]

[[package]]
name = "pygments"
version = "2.19.2"
source = { registry = "https://pypi.org/simple" }
sdist = { url = "https://files.pythonhosted.org/packages/b0/77/a5b8c569bf593b0140bde72ea885a803b82086995367bf2037de0159d924/pygments-2.19.2.tar.gz", hash = "sha256:636cb2477cec7f8952536970bc533bc43743542f70392ae026374600add5b887", size = 4968631, upload-time = "2025-06-21T13:39:12.283Z" }
wheels = [
    { url = "https://files.pythonhosted.org/packages/c7/21/705964c7812476f378728bdf590ca4b771ec72385c533964653c68e86bdc/pygments-2.19.2-py3-none-any.whl", hash = "sha256:86540386c03d588bb81d44bc3928634ff26449851e99741617ecb9037ee5ec0b", size = 1225217, upload-time = "2025-06-21T13:39:07.939Z" },
]

[[package]]
name = "pytest"
version = "9.0.2"
source = { registry = "https://pypi.org/simple" }
dependencies = [
    { name = "colorama", marker = "sys_platform == 'win32'" },
    { name = "iniconfig" },
    { name = "packaging" },
    { name = "pluggy" },
    { name = "pygments" },
]
sdist = { url = "https://files.pythonhosted.org/packages/d1/db/7ef3487e0fb0049ddb5ce41d3a49c235bf9ad299b6a25d5780a89f19230f/pytest-9.0.2.tar.gz", hash = "sha256:75186651a92bd89611d1d9fc20f0b4345fd827c41ccd5c299a868a05d70edf11", size = 1568901, upload-time = "2025-12-06T21:30:51.014Z" }
wheels = [
    { url = "https://files.pythonhosted.org/packages/3b/ab/b3226f0bd7cdcf710fbede2b3548584366da3b19b5021e74f5bde2a8fa3f/pytest-9.0.2-py3-none-any.whl", hash = "sha256:711ffd45bf766d5264d487b917733b453d917afd2b0ad65223959f59089f875b", size = 374801, upload-time = "2025-12-06T21:30:49.154Z" },
]

[[package]]
name = "pytest-asyncio"
version = "1.3.0"
source = { registry = "https://pypi.org/simple" }
dependencies = [
    { name = "pytest" },
    { name = "typing-extensions", marker = "python_full_version < '3.13'" },
]
sdist = { url = "https://files.pythonhosted.org/packages/90/2c/8af215c0f776415f3590cac4f9086ccefd6fd463befeae41cd4d3f193e5a/pytest_asyncio-1.3.0.tar.gz", hash = "sha256:d7f52f36d231b80ee124cd216ffb19369aa168fc10095013c6b014a34d3ee9e5", size = 50087, upload-time = "2025-11-10T16:07:47.256Z" }
wheels = [
    { url = "https://files.pythonhosted.org/packages/e5/35/f8b19922b6a25bc0880171a2f1a003eaeb93657475193ab516fd87cac9da/pytest_asyncio-1.3.0-py3-none-any.whl", hash = "sha256:611e26147c7f77640e6d0a92a38ed17c3e9848063698d5c93d5aa7aa11cebff5", size = 15075, upload-time = "2025-11-10T16:07:45.537Z" },
]

[[package]]
name = "rich"
version = "14.3.2"
source = { registry = "https://pypi.org/simple" }
dependencies = [
    { name = "markdown-it-py" },
    { name = "pygments" },
]
sdist = { url = "https://files.pythonhosted.org/packages/74/99/a4cab2acbb884f80e558b0771e97e21e939c5dfb460f488d19df485e8298/rich-14.3.2.tar.gz", hash = "sha256:e712f11c1a562a11843306f5ed999475f09ac31ffb64281f73ab29ffdda8b3b8", size = 230143, upload-time = "2026-02-01T16:20:47.908Z" }
wheels = [
    { url = "https://files.pythonhosted.org/packages/ef/45/615f5babd880b4bd7d405cc0dc348234c5ffb6ed1ea33e152ede08b2072d/rich-14.3.2-py3-none-any.whl", hash = "sha256:08e67c3e90884651da3239ea668222d19bea7b589149d8014a21c633420dbb69", size = 309963, upload-time = "2026-02-01T16:20:46.078Z" },
]

[[package]]
name = "ruff"
version = "0.15.0"
source = { registry = "https://pypi.org/simple" }
sdist = { url = "https://files.pythonhosted.org/packages/c8/39/5cee96809fbca590abea6b46c6d1c586b49663d1d2830a751cc8fc42c666/ruff-0.15.0.tar.gz", hash = "sha256:6bdea47cdbea30d40f8f8d7d69c0854ba7c15420ec75a26f463290949d7f7e9a", size = 4524893, upload-time = "2026-02-03T17:53:35.357Z" }
wheels = [
    { url = "https://files.pythonhosted.org/packages/bc/88/3fd1b0aa4b6330d6aaa63a285bc96c9f71970351579152d231ed90914586/ruff-0.15.0-py3-none-linux_armv6l.whl", hash = "sha256:aac4ebaa612a82b23d45964586f24ae9bc23ca101919f5590bdb368d74ad5455", size = 10354332, upload-time = "2026-02-03T17:52:54.892Z" },
    { url = "https://files.pythonhosted.org/packages/72/f6/62e173fbb7eb75cc29fe2576a1e20f0a46f671a2587b5f604bfb0eaf5f6f/ruff-0.15.0-py3-none-macosx_10_12_x86_64.whl", hash = "sha256:dcd4be7cc75cfbbca24a98d04d0b9b36a270d0833241f776b788d59f4142b14d", size = 10767189, upload-time = "2026-02-03T17:53:19.778Z" },
    { url = "https://files.pythonhosted.org/packages/99/e4/968ae17b676d1d2ff101d56dc69cf333e3a4c985e1ec23803df84fc7bf9e/ruff-0.15.0-py3-none-macosx_11_0_arm64.whl", hash = "sha256:d747e3319b2bce179c7c1eaad3d884dc0a199b5f4d5187620530adf9105268ce", size = 10075384, upload-time = "2026-02-03T17:53:29.241Z" },
    { url = "https://files.pythonhosted.org/packages/a2/bf/9843c6044ab9e20af879c751487e61333ca79a2c8c3058b15722386b8cae/ruff-0.15.0-py3-none-manylinux_2_17_aarch64.manylinux2014_aarch64.whl", hash = "sha256:650bd9c56ae03102c51a5e4b554d74d825ff3abe4db22b90fd32d816c2e90621", size = 10481363, upload-time = "2026-02-03T17:52:43.332Z" },
    { url = "https://files.pythonhosted.org/packages/55/d9/4ada5ccf4cd1f532db1c8d44b6f664f2208d3d93acbeec18f82315e15193/ruff-0.15.0-py3-none-manylinux_2_17_armv7l.manylinux2014_armv7l.whl", hash = "sha256:a6664b7eac559e3048223a2da77769c2f92b43a6dfd4720cef42654299a599c9", size = 10187736, upload-time = "2026-02-03T17:53:00.522Z" },
    { url = "https://files.pythonhosted.org/packages/86/e2/f25eaecd446af7bb132af0a1d5b135a62971a41f5366ff41d06d25e77a91/ruff-0.15.0-py3-none-manylinux_2_17_i686.manylinux2014_i686.whl", hash = "sha256:6f811f97b0f092b35320d1556f3353bf238763420ade5d9e62ebd2b73f2ff179", size = 10968415, upload-time = "2026-02-03T17:53:15.705Z" },
    { url = "https://files.pythonhosted.org/packages/e7/dc/f06a8558d06333bf79b497d29a50c3a673d9251214e0d7ec78f90b30aa79/ruff-0.15.0-py3-none-manylinux_2_17_ppc64le.manylinux2014_ppc64le.whl", hash = "sha256:761ec0a66680fab6454236635a39abaf14198818c8cdf691e036f4bc0f406b2d", size = 11809643, upload-time = "2026-02-03T17:53:23.031Z" },
    { url = "https://files.pythonhosted.org/packages/dd/45/0ece8db2c474ad7df13af3a6d50f76e22a09d078af63078f005057ca59eb/ruff-0.15.0-py3-none-manylinux_2_17_s390x.manylinux2014_s390x.whl", hash = "sha256:940f11c2604d317e797b289f4f9f3fa5555ffe4fb574b55ed006c3d9b6f0eb78", size = 11234787, upload-time = "2026-02-03T17:52:46.432Z" },
    { url = "https://files.pythonhosted.org/packages/8a/d9/0e3a81467a120fd265658d127db648e4d3acfe3e4f6f5d4ea79fac47e587/ruff-0.15.0-py3-none-manylinux_2_17_x86_64.manylinux2014_x86_64.whl", hash = "sha256:bcbca3d40558789126da91d7ef9a7c87772ee107033db7191edefa34e2c7f1b4", size = 11112797, upload-time = "2026-02-03T17:52:49.274Z" },
    { url = "https://files.pythonhosted.org/packages/b2/cb/8c0b3b0c692683f8ff31351dfb6241047fa873a4481a76df4335a8bff716/ruff-0.15.0-py3-none-manylinux_2_31_riscv64.whl", hash = "sha256:9a121a96db1d75fa3eb39c4539e607f628920dd72ff1f7c5ee4f1b768ac62d6e", size = 11033133, upload-time = "2026-02-03T17:53:33.105Z" },
    { url = "https://files.pythonhosted.org/packages/f8/5e/23b87370cf0f9081a8c89a753e69a4e8778805b8802ccfe175cc410e50b9/ruff-0.15.0-py3-none-musllinux_1_2_aarch64.whl", hash = "sha256:5298d518e493061f2eabd4abd067c7e4fb89e2f63291c94332e35631c07c3662", size = 10442646, upload-time = "2026-02-03T17:53:06.278Z" },
    { url = "https://files.pythonhosted.org/packages/e1/9a/3c94de5ce642830167e6d00b5c75aacd73e6347b4c7fc6828699b150a5ee/ruff-0.15.0-py3-none-musllinux_1_2_armv7l.whl", hash = "sha256:afb6e603d6375ff0d6b0cee563fa21ab570fd15e65c852cb24922cef25050cf1", size = 10195750, upload-time = "2026-02-03T17:53:26.084Z" },
    { url = "https://files.pythonhosted.org/packages/30/15/e396325080d600b436acc970848d69df9c13977942fb62bb8722d729bee8/ruff-0.15.0-py3-none-musllinux_1_2_i686.whl", hash = "sha256:77e515f6b15f828b94dc17d2b4ace334c9ddb7d9468c54b2f9ed2b9c1593ef16", size = 10676120, upload-time = "2026-02-03T17:53:09.363Z" },
    { url = "https://files.pythonhosted.org/packages/8d/c9/229a23d52a2983de1ad0fb0ee37d36e0257e6f28bfd6b498ee2c76361874/ruff-0.15.0-py3-none-musllinux_1_2_x86_64.whl", hash = "sha256:6f6e80850a01eb13b3e42ee0ebdf6e4497151b48c35051aab51c101266d187a3", size = 11201636, upload-time = "2026-02-03T17:52:57.281Z" },
    { url = "https://files.pythonhosted.org/packages/6f/b0/69adf22f4e24f3677208adb715c578266842e6e6a3cc77483f48dd999ede/ruff-0.15.0-py3-none-win32.whl", hash = "sha256:238a717ef803e501b6d51e0bdd0d2c6e8513fe9eec14002445134d3907cd46c3", size = 10465945, upload-time = "2026-02-03T17:53:12.591Z" },
    { url = "https://files.pythonhosted.org/packages/51/ad/f813b6e2c97e9b4598be25e94a9147b9af7e60523b0cb5d94d307c15229d/ruff-0.15.0-py3-none-win_amd64.whl", hash = "sha256:dd5e4d3301dc01de614da3cdffc33d4b1b96fb89e45721f1598e5532ccf78b18", size = 11564657, upload-time = "2026-02-03T17:52:51.893Z" },
    { url = "https://files.pythonhosted.org/packages/f6/b0/2d823f6e77ebe560f4e397d078487e8d52c1516b331e3521bc75db4272ca/ruff-0.15.0-py3-none-win_arm64.whl", hash = "sha256:c480d632cc0ca3f0727acac8b7d053542d9e114a462a145d0b00e7cd658c515a", size = 10865753, upload-time = "2026-02-03T17:53:03.014Z" },
]

[[package]]
name = "setproctitle"
version = "1.3.7"
source = { registry = "https://pypi.org/simple" }
sdist = { url = "https://files.pythonhosted.org/packages/8d/48/49393a96a2eef1ab418b17475fb92b8fcfad83d099e678751b05472e69de/setproctitle-1.3.7.tar.gz", hash = "sha256:bc2bc917691c1537d5b9bca1468437176809c7e11e5694ca79a9ca12345dcb9e", size = 27002, upload-time = "2025-09-05T12:51:25.278Z" }
wheels = [
    { url = "https://files.pythonhosted.org/packages/04/cd/1b7ba5cad635510720ce19d7122154df96a2387d2a74217be552887c93e5/setproctitle-1.3.7-cp311-cp311-macosx_10_9_universal2.whl", hash = "sha256:a600eeb4145fb0ee6c287cb82a2884bd4ec5bbb076921e287039dcc7b7cc6dd0", size = 18085, upload-time = "2025-09-05T12:49:22.183Z" },
    { url = "https://files.pythonhosted.org/packages/8f/1a/b2da0a620490aae355f9d72072ac13e901a9fec809a6a24fc6493a8f3c35/setproctitle-1.3.7-cp311-cp311-macosx_11_0_arm64.whl", hash = "sha256:97a090fed480471bb175689859532709e28c085087e344bca45cf318034f70c4", size = 13097, upload-time = "2025-09-05T12:49:23.322Z" },
    { url = "https://files.pythonhosted.org/packages/18/2e/bd03ff02432a181c1787f6fc2a678f53b7dacdd5ded69c318fe1619556e8/setproctitle-1.3.7-cp311-cp311-manylinux1_x86_64.manylinux_2_28_x86_64.manylinux_2_5_x86_64.whl", hash = "sha256:1607b963e7b53e24ec8a2cb4e0ab3ae591d7c6bf0a160feef0551da63452b37f", size = 32191, upload-time = "2025-09-05T12:49:24.567Z" },
    { url = "https://files.pythonhosted.org/packages/28/78/1e62fc0937a8549f2220445ed2175daacee9b6764c7963b16148119b016d/setproctitle-1.3.7-cp311-cp311-manylinux2014_aarch64.manylinux_2_17_aarch64.manylinux_2_28_aarch64.whl", hash = "sha256:a20fb1a3974e2dab857870cf874b325b8705605cb7e7e8bcbb915bca896f52a9", size = 33203, upload-time = "2025-09-05T12:49:25.871Z" },
    { url = "https://files.pythonhosted.org/packages/a0/3c/65edc65db3fa3df400cf13b05e9d41a3c77517b4839ce873aa6b4043184f/setproctitle-1.3.7-cp311-cp311-manylinux2014_ppc64le.manylinux_2_17_ppc64le.manylinux_2_28_ppc64le.whl", hash = "sha256:f8d961bba676e07d77665204f36cffaa260f526e7b32d07ab3df6a2c1dfb44ba", size = 34963, upload-time = "2025-09-05T12:49:27.044Z" },
    { url = "https://files.pythonhosted.org/packages/a1/32/89157e3de997973e306e44152522385f428e16f92f3cf113461489e1e2ee/setproctitle-1.3.7-cp311-cp311-musllinux_1_2_aarch64.whl", hash = "sha256:db0fd964fbd3a9f8999b502f65bd2e20883fdb5b1fae3a424e66db9a793ed307", size = 32398, upload-time = "2025-09-05T12:49:28.909Z" },
    { url = "https://files.pythonhosted.org/packages/4a/18/77a765a339ddf046844cb4513353d8e9dcd8183da9cdba6e078713e6b0b2/setproctitle-1.3.7-cp311-cp311-musllinux_1_2_ppc64le.whl", hash = "sha256:db116850fcf7cca19492030f8d3b4b6e231278e8fe097a043957d22ce1bdf3ee", size = 33657, upload-time = "2025-09-05T12:49:30.323Z" },
    { url = "https://files.pythonhosted.org/packages/6b/63/f0b6205c64d74d2a24a58644a38ec77bdbaa6afc13747e75973bf8904932/setproctitle-1.3.7-cp311-cp311-musllinux_1_2_x86_64.whl", hash = "sha256:316664d8b24a5c91ee244460bdaf7a74a707adaa9e14fbe0dc0a53168bb9aba1", size = 31836, upload-time = "2025-09-05T12:49:32.309Z" },
    { url = "https://files.pythonhosted.org/packages/ba/51/e1277f9ba302f1a250bbd3eedbbee747a244b3cc682eb58fb9733968f6d8/setproctitle-1.3.7-cp311-cp311-win32.whl", hash = "sha256:b74774ca471c86c09b9d5037c8451fff06bb82cd320d26ae5a01c758088c0d5d", size = 12556, upload-time = "2025-09-05T12:49:33.529Z" },
    { url = "https://files.pythonhosted.org/packages/b6/7b/822a23f17e9003dfdee92cd72758441ca2a3680388da813a371b716fb07f/setproctitle-1.3.7-cp311-cp311-win_amd64.whl", hash = "sha256:acb9097213a8dd3410ed9f0dc147840e45ca9797785272928d4be3f0e69e3be4", size = 13243, upload-time = "2025-09-05T12:49:34.553Z" },
    { url = "https://files.pythonhosted.org/packages/fb/f0/2dc88e842077719d7384d86cc47403e5102810492b33680e7dadcee64cd8/setproctitle-1.3.7-cp312-cp312-macosx_10_13_universal2.whl", hash = "sha256:2dc99aec591ab6126e636b11035a70991bc1ab7a261da428491a40b84376654e", size = 18049, upload-time = "2025-09-05T12:49:36.241Z" },
    { url = "https://files.pythonhosted.org/packages/f0/b4/50940504466689cda65680c9e9a1e518e5750c10490639fa687489ac7013/setproctitle-1.3.7-cp312-cp312-macosx_11_0_arm64.whl", hash = "sha256:cdd8aa571b7aa39840fdbea620e308a19691ff595c3a10231e9ee830339dd798", size = 13079, upload-time = "2025-09-05T12:49:38.088Z" },
    { url = "https://files.pythonhosted.org/packages/d0/99/71630546b9395b095f4082be41165d1078204d1696c2d9baade3de3202d0/setproctitle-1.3.7-cp312-cp312-manylinux1_x86_64.manylinux_2_28_x86_64.manylinux_2_5_x86_64.whl", hash = "sha256:2906b6c7959cdb75f46159bf0acd8cc9906cf1361c9e1ded0d065fe8f9039629", size = 32932, upload-time = "2025-09-05T12:49:39.271Z" },
    { url = "https://files.pythonhosted.org/packages/50/22/cee06af4ffcfb0e8aba047bd44f5262e644199ae7527ae2c1f672b86495c/setproctitle-1.3.7-cp312-cp312-manylinux2014_aarch64.manylinux_2_17_aarch64.manylinux_2_28_aarch64.whl", hash = "sha256:6915964a6dda07920a1159321dcd6d94fc7fc526f815ca08a8063aeca3c204f1", size = 33736, upload-time = "2025-09-05T12:49:40.565Z" },
    { url = "https://files.pythonhosted.org/packages/5c/00/a5949a8bb06ef5e7df214fc393bb2fb6aedf0479b17214e57750dfdd0f24/setproctitle-1.3.7-cp312-cp312-manylinux2014_ppc64le.manylinux_2_17_ppc64le.manylinux_2_28_ppc64le.whl", hash = "sha256:cff72899861c765bd4021d1ff1c68d60edc129711a2fdba77f9cb69ef726a8b6", size = 35605, upload-time = "2025-09-05T12:49:42.362Z" },
    { url = "https://files.pythonhosted.org/packages/b0/3a/50caca532a9343828e3bf5778c7a84d6c737a249b1796d50dd680290594d/setproctitle-1.3.7-cp312-cp312-musllinux_1_2_aarch64.whl", hash = "sha256:b7cb05bd446687ff816a3aaaf831047fc4c364feff7ada94a66024f1367b448c", size = 33143, upload-time = "2025-09-05T12:49:43.515Z" },
    { url = "https://files.pythonhosted.org/packages/ca/14/b843a251296ce55e2e17c017d6b9f11ce0d3d070e9265de4ecad948b913d/setproctitle-1.3.7-cp312-cp312-musllinux_1_2_ppc64le.whl", hash = "sha256:3a57b9a00de8cae7e2a1f7b9f0c2ac7b69372159e16a7708aa2f38f9e5cc987a", size = 34434, upload-time = "2025-09-05T12:49:45.31Z" },
    { url = "https://files.pythonhosted.org/packages/c8/b7/06145c238c0a6d2c4bc881f8be230bb9f36d2bf51aff7bddcb796d5eed67/setproctitle-1.3.7-cp312-cp312-musllinux_1_2_x86_64.whl", hash = "sha256:d8828b356114f6b308b04afe398ed93803d7fca4a955dd3abe84430e28d33739", size = 32795, upload-time = "2025-09-05T12:49:46.419Z" },
    { url = "https://files.pythonhosted.org/packages/ef/dc/ef76a81fac9bf27b84ed23df19c1f67391a753eed6e3c2254ebcb5133f56/setproctitle-1.3.7-cp312-cp312-win32.whl", hash = "sha256:b0304f905efc845829ac2bc791ddebb976db2885f6171f4a3de678d7ee3f7c9f", size = 12552, upload-time = "2025-09-05T12:49:47.635Z" },
    { url = "https://files.pythonhosted.org/packages/e2/5b/a9fe517912cd6e28cf43a212b80cb679ff179a91b623138a99796d7d18a0/setproctitle-1.3.7-cp312-cp312-win_amd64.whl", hash = "sha256:9888ceb4faea3116cf02a920ff00bfbc8cc899743e4b4ac914b03625bdc3c300", size = 13247, upload-time = "2025-09-05T12:49:49.16Z" },
    { url = "https://files.pythonhosted.org/packages/5d/2f/fcedcade3b307a391b6e17c774c6261a7166aed641aee00ed2aad96c63ce/setproctitle-1.3.7-cp313-cp313-macosx_10_13_universal2.whl", hash = "sha256:c3736b2a423146b5e62230502e47e08e68282ff3b69bcfe08a322bee73407922", size = 18047, upload-time = "2025-09-05T12:49:50.271Z" },
    { url = "https://files.pythonhosted.org/packages/23/ae/afc141ca9631350d0a80b8f287aac79a76f26b6af28fd8bf92dae70dc2c5/setproctitle-1.3.7-cp313-cp313-macosx_11_0_arm64.whl", hash = "sha256:3384e682b158d569e85a51cfbde2afd1ab57ecf93ea6651fe198d0ba451196ee", size = 13073, upload-time = "2025-09-05T12:49:51.46Z" },
    { url = "https://files.pythonhosted.org/packages/87/ed/0a4f00315bc02510395b95eec3d4aa77c07192ee79f0baae77ea7b9603d8/setproctitle-1.3.7-cp313-cp313-manylinux1_x86_64.manylinux_2_28_x86_64.manylinux_2_5_x86_64.whl", hash = "sha256:0564a936ea687cd24dffcea35903e2a20962aa6ac20e61dd3a207652401492dd", size = 33284, upload-time = "2025-09-05T12:49:52.741Z" },
    { url = "https://files.pythonhosted.org/packages/fc/e4/adf3c4c0a2173cb7920dc9df710bcc67e9bcdbf377e243b7a962dc31a51a/setproctitle-1.3.7-cp313-cp313-manylinux2014_aarch64.manylinux_2_17_aarch64.manylinux_2_28_aarch64.whl", hash = "sha256:a5d1cb3f81531f0eb40e13246b679a1bdb58762b170303463cb06ecc296f26d0", size = 34104, upload-time = "2025-09-05T12:49:54.416Z" },
    { url = "https://files.pythonhosted.org/packages/52/4f/6daf66394152756664257180439d37047aa9a1cfaa5e4f5ed35e93d1dc06/setproctitle-1.3.7-cp313-cp313-manylinux2014_ppc64le.manylinux_2_17_ppc64le.manylinux_2_28_ppc64le.whl", hash = "sha256:a7d159e7345f343b44330cbba9194169b8590cb13dae940da47aa36a72aa9929", size = 35982, upload-time = "2025-09-05T12:49:56.295Z" },
    { url = "https://files.pythonhosted.org/packages/1b/62/f2c0595403cf915db031f346b0e3b2c0096050e90e0be658a64f44f4278a/setproctitle-1.3.7-cp313-cp313-musllinux_1_2_aarch64.whl", hash = "sha256:0b5074649797fd07c72ca1f6bff0406f4a42e1194faac03ecaab765ce605866f", size = 33150, upload-time = "2025-09-05T12:49:58.025Z" },
    { url = "https://files.pythonhosted.org/packages/a0/29/10dd41cde849fb2f9b626c846b7ea30c99c81a18a5037a45cc4ba33c19a7/setproctitle-1.3.7-cp313-cp313-musllinux_1_2_ppc64le.whl", hash = "sha256:61e96febced3f61b766115381d97a21a6265a0f29188a791f6df7ed777aef698", size = 34463, upload-time = "2025-09-05T12:49:59.424Z" },
    { url = "https://files.pythonhosted.org/packages/71/3c/cedd8eccfaf15fb73a2c20525b68c9477518917c9437737fa0fda91e378f/setproctitle-1.3.7-cp313-cp313-musllinux_1_2_x86_64.whl", hash = "sha256:047138279f9463f06b858e579cc79580fbf7a04554d24e6bddf8fe5dddbe3d4c", size = 32848, upload-time = "2025-09-05T12:50:01.107Z" },
    { url = "https://files.pythonhosted.org/packages/d1/3e/0a0e27d1c9926fecccfd1f91796c244416c70bf6bca448d988638faea81d/setproctitle-1.3.7-cp313-cp313-win32.whl", hash = "sha256:7f47accafac7fe6535ba8ba9efd59df9d84a6214565108d0ebb1199119c9cbbd", size = 12544, upload-time = "2025-09-05T12:50:15.81Z" },
    { url = "https://files.pythonhosted.org/packages/36/1b/6bf4cb7acbbd5c846ede1c3f4d6b4ee52744d402e43546826da065ff2ab7/setproctitle-1.3.7-cp313-cp313-win_amd64.whl", hash = "sha256:fe5ca35aeec6dc50cabab9bf2d12fbc9067eede7ff4fe92b8f5b99d92e21263f", size = 13235, upload-time = "2025-09-05T12:50:16.89Z" },
    { url = "https://files.pythonhosted.org/packages/e6/a4/d588d3497d4714750e3eaf269e9e8985449203d82b16b933c39bd3fc52a1/setproctitle-1.3.7-cp313-cp313t-macosx_10_13_universal2.whl", hash = "sha256:10e92915c4b3086b1586933a36faf4f92f903c5554f3c34102d18c7d3f5378e9", size = 18058, upload-time = "2025-09-05T12:50:02.501Z" },
    { url = "https://files.pythonhosted.org/packages/05/77/7637f7682322a7244e07c373881c7e982567e2cb1dd2f31bd31481e45500/setproctitle-1.3.7-cp313-cp313t-macosx_11_0_arm64.whl", hash = "sha256:de879e9c2eab637f34b1a14c4da1e030c12658cdc69ee1b3e5be81b380163ce5", size = 13072, upload-time = "2025-09-05T12:50:03.601Z" },
    { url = "https://files.pythonhosted.org/packages/52/09/f366eca0973cfbac1470068d1313fa3fe3de4a594683385204ec7f1c4101/setproctitle-1.3.7-cp313-cp313t-manylinux1_x86_64.manylinux_2_28_x86_64.manylinux_2_5_x86_64.whl", hash = "sha256:c18246d88e227a5b16248687514f95642505000442165f4b7db354d39d0e4c29", size = 34490, upload-time = "2025-09-05T12:50:04.948Z" },
    { url = "https://files.pythonhosted.org/packages/71/36/611fc2ed149fdea17c3677e1d0df30d8186eef9562acc248682b91312706/setproctitle-1.3.7-cp313-cp313t-manylinux2014_aarch64.manylinux_2_17_aarch64.manylinux_2_28_aarch64.whl", hash = "sha256:7081f193dab22df2c36f9fc6d113f3793f83c27891af8fe30c64d89d9a37e152", size = 35267, upload-time = "2025-09-05T12:50:06.015Z" },
    { url = "https://files.pythonhosted.org/packages/88/a4/64e77d0671446bd5a5554387b69e1efd915274686844bea733714c828813/setproctitle-1.3.7-cp313-cp313t-manylinux2014_ppc64le.manylinux_2_17_ppc64le.manylinux_2_28_ppc64le.whl", hash = "sha256:9cc9b901ce129350637426a89cfd650066a4adc6899e47822e2478a74023ff7c", size = 37376, upload-time = "2025-09-05T12:50:07.484Z" },
    { url = "https://files.pythonhosted.org/packages/89/bc/ad9c664fe524fb4a4b2d3663661a5c63453ce851736171e454fa2cdec35c/setproctitle-1.3.7-cp313-cp313t-musllinux_1_2_aarch64.whl", hash = "sha256:80e177eff2d1ec172188d0d7fd9694f8e43d3aab76a6f5f929bee7bf7894e98b", size = 33963, upload-time = "2025-09-05T12:50:09.056Z" },
    { url = "https://files.pythonhosted.org/packages/ab/01/a36de7caf2d90c4c28678da1466b47495cbbad43badb4e982d8db8167ed4/setproctitle-1.3.7-cp313-cp313t-musllinux_1_2_ppc64le.whl", hash = "sha256:23e520776c445478a67ee71b2a3c1ffdafbe1f9f677239e03d7e2cc635954e18", size = 35550, upload-time = "2025-09-05T12:50:10.791Z" },
    { url = "https://files.pythonhosted.org/packages/dd/68/17e8aea0ed5ebc17fbf03ed2562bfab277c280e3625850c38d92a7b5fcd9/setproctitle-1.3.7-cp313-cp313t-musllinux_1_2_x86_64.whl", hash = "sha256:5fa1953126a3b9bd47049d58c51b9dac72e78ed120459bd3aceb1bacee72357c", size = 33727, upload-time = "2025-09-05T12:50:12.032Z" },
    { url = "https://files.pythonhosted.org/packages/b2/33/90a3bf43fe3a2242b4618aa799c672270250b5780667898f30663fd94993/setproctitle-1.3.7-cp313-cp313t-win32.whl", hash = "sha256:4a5e212bf438a4dbeece763f4962ad472c6008ff6702e230b4f16a037e2f6f29", size = 12549, upload-time = "2025-09-05T12:50:13.074Z" },
    { url = "https://files.pythonhosted.org/packages/0b/0e/50d1f07f3032e1f23d814ad6462bc0a138f369967c72494286b8a5228e40/setproctitle-1.3.7-cp313-cp313t-win_amd64.whl", hash = "sha256:cf2727b733e90b4f874bac53e3092aa0413fe1ea6d4f153f01207e6ce65034d9", size = 13243, upload-time = "2025-09-05T12:50:14.146Z" },
    { url = "https://files.pythonhosted.org/packages/89/c7/43ac3a98414f91d1b86a276bc2f799ad0b4b010e08497a95750d5bc42803/setproctitle-1.3.7-cp314-cp314-macosx_10_13_universal2.whl", hash = "sha256:80c36c6a87ff72eabf621d0c79b66f3bdd0ecc79e873c1e9f0651ee8bf215c63", size = 18052, upload-time = "2025-09-05T12:50:17.928Z" },
    { url = "https://files.pythonhosted.org/packages/cd/2c/dc258600a25e1a1f04948073826bebc55e18dbd99dc65a576277a82146fa/setproctitle-1.3.7-cp314-cp314-macosx_11_0_arm64.whl", hash = "sha256:b53602371a52b91c80aaf578b5ada29d311d12b8a69c0c17fbc35b76a1fd4f2e", size = 13071, upload-time = "2025-09-05T12:50:19.061Z" },
    { url = "https://files.pythonhosted.org/packages/ab/26/8e3bb082992f19823d831f3d62a89409deb6092e72fc6940962983ffc94f/setproctitle-1.3.7-cp314-cp314-manylinux1_x86_64.manylinux_2_28_x86_64.manylinux_2_5_x86_64.whl", hash = "sha256:fcb966a6c57cf07cc9448321a08f3be6b11b7635be502669bc1d8745115d7e7f", size = 33180, upload-time = "2025-09-05T12:50:20.395Z" },
    { url = "https://files.pythonhosted.org/packages/f1/af/ae692a20276d1159dd0cf77b0bcf92cbb954b965655eb4a69672099bb214/setproctitle-1.3.7-cp314-cp314-manylinux2014_aarch64.manylinux_2_17_aarch64.manylinux_2_28_aarch64.whl", hash = "sha256:46178672599b940368d769474fe13ecef1b587d58bb438ea72b9987f74c56ea5", size = 34043, upload-time = "2025-09-05T12:50:22.454Z" },
    { url = "https://files.pythonhosted.org/packages/34/b2/6a092076324dd4dac1a6d38482bedebbff5cf34ef29f58585ec76e47bc9d/setproctitle-1.3.7-cp314-cp314-manylinux2014_ppc64le.manylinux_2_17_ppc64le.manylinux_2_28_ppc64le.whl", hash = "sha256:7f9e9e3ff135cbcc3edd2f4cf29b139f4aca040d931573102742db70ff428c17", size = 35892, upload-time = "2025-09-05T12:50:23.937Z" },
    { url = "https://files.pythonhosted.org/packages/1c/1a/8836b9f28cee32859ac36c3df85aa03e1ff4598d23ea17ca2e96b5845a8f/setproctitle-1.3.7-cp314-cp314-musllinux_1_2_aarch64.whl", hash = "sha256:14c7eba8d90c93b0e79c01f0bd92a37b61983c27d6d7d5a3b5defd599113d60e", size = 32898, upload-time = "2025-09-05T12:50:25.617Z" },
    { url = "https://files.pythonhosted.org/packages/ef/22/8fabdc24baf42defb599714799d8445fe3ae987ec425a26ec8e80ea38f8e/setproctitle-1.3.7-cp314-cp314-musllinux_1_2_ppc64le.whl", hash = "sha256:9e64e98077fb30b6cf98073d6c439cd91deb8ebbf8fc62d9dbf52bd38b0c6ac0", size = 34308, upload-time = "2025-09-05T12:50:26.827Z" },
    { url = "https://files.pythonhosted.org/packages/15/1b/b9bee9de6c8cdcb3b3a6cb0b3e773afdb86bbbc1665a3bfa424a4294fda2/setproctitle-1.3.7-cp314-cp314-musllinux_1_2_x86_64.whl", hash = "sha256:b91387cc0f02a00ac95dcd93f066242d3cca10ff9e6153de7ee07069c6f0f7c8", size = 32536, upload-time = "2025-09-05T12:50:28.5Z" },
    { url = "https://files.pythonhosted.org/packages/37/0c/75e5f2685a5e3eda0b39a8b158d6d8895d6daf3ba86dec9e3ba021510272/setproctitle-1.3.7-cp314-cp314-win32.whl", hash = "sha256:52b054a61c99d1b72fba58b7f5486e04b20fefc6961cd76722b424c187f362ed", size = 12731, upload-time = "2025-09-05T12:50:43.955Z" },
    { url = "https://files.pythonhosted.org/packages/d2/ae/acddbce90d1361e1786e1fb421bc25baeb0c22ef244ee5d0176511769ec8/setproctitle-1.3.7-cp314-cp314-win_amd64.whl", hash = "sha256:5818e4080ac04da1851b3ec71e8a0f64e3748bf9849045180566d8b736702416", size = 13464, upload-time = "2025-09-05T12:50:45.057Z" },
    { url = "https://files.pythonhosted.org/packages/01/6d/20886c8ff2e6d85e3cabadab6aab9bb90acaf1a5cfcb04d633f8d61b2626/setproctitle-1.3.7-cp314-cp314t-macosx_10_13_universal2.whl", hash = "sha256:6fc87caf9e323ac426910306c3e5d3205cd9f8dcac06d233fcafe9337f0928a3", size = 18062, upload-time = "2025-09-05T12:50:29.78Z" },
    { url = "https://files.pythonhosted.org/packages/9a/60/26dfc5f198715f1343b95c2f7a1c16ae9ffa45bd89ffd45a60ed258d24ea/setproctitle-1.3.7-cp314-cp314t-macosx_11_0_arm64.whl", hash = "sha256:6134c63853d87a4897ba7d5cc0e16abfa687f6c66fc09f262bb70d67718f2309", size = 13075, upload-time = "2025-09-05T12:50:31.604Z" },
    { url = "https://files.pythonhosted.org/packages/21/9c/980b01f50d51345dd513047e3ba9e96468134b9181319093e61db1c47188/setproctitle-1.3.7-cp314-cp314t-manylinux1_x86_64.manylinux_2_28_x86_64.manylinux_2_5_x86_64.whl", hash = "sha256:1403d2abfd32790b6369916e2313dffbe87d6b11dca5bbd898981bcde48e7a2b", size = 34744, upload-time = "2025-09-05T12:50:32.777Z" },
    { url = "https://files.pythonhosted.org/packages/86/b4/82cd0c86e6d1c4538e1a7eb908c7517721513b801dff4ba3f98ef816a240/setproctitle-1.3.7-cp314-cp314t-manylinux2014_aarch64.manylinux_2_17_aarch64.manylinux_2_28_aarch64.whl", hash = "sha256:e7c5bfe4228ea22373e3025965d1a4116097e555ee3436044f5c954a5e63ac45", size = 35589, upload-time = "2025-09-05T12:50:34.13Z" },
    { url = "https://files.pythonhosted.org/packages/8a/4f/9f6b2a7417fd45673037554021c888b31247f7594ff4bd2239918c5cd6d0/setproctitle-1.3.7-cp314-cp314t-manylinux2014_ppc64le.manylinux_2_17_ppc64le.manylinux_2_28_ppc64le.whl", hash = "sha256:585edf25e54e21a94ccb0fe81ad32b9196b69ebc4fc25f81da81fb8a50cca9e4", size = 37698, upload-time = "2025-09-05T12:50:35.524Z" },
    { url = "https://files.pythonhosted.org/packages/20/92/927b7d4744aac214d149c892cb5fa6dc6f49cfa040cb2b0a844acd63dcaf/setproctitle-1.3.7-cp314-cp314t-musllinux_1_2_aarch64.whl", hash = "sha256:96c38cdeef9036eb2724c2210e8d0b93224e709af68c435d46a4733a3675fee1", size = 34201, upload-time = "2025-09-05T12:50:36.697Z" },
    { url = "https://files.pythonhosted.org/packages/0a/0c/fd4901db5ba4b9d9013e62f61d9c18d52290497f956745cd3e91b0d80f90/setproctitle-1.3.7-cp314-cp314t-musllinux_1_2_ppc64le.whl", hash = "sha256:45e3ef48350abb49cf937d0a8ba15e42cee1e5ae13ca41a77c66d1abc27a5070", size = 35801, upload-time = "2025-09-05T12:50:38.314Z" },
    { url = "https://files.pythonhosted.org/packages/e7/e3/54b496ac724e60e61cc3447f02690105901ca6d90da0377dffe49ff99fc7/setproctitle-1.3.7-cp314-cp314t-musllinux_1_2_x86_64.whl", hash = "sha256:1fae595d032b30dab4d659bece20debd202229fce12b55abab978b7f30783d73", size = 33958, upload-time = "2025-09-05T12:50:39.841Z" },
    { url = "https://files.pythonhosted.org/packages/ea/a8/c84bb045ebf8c6fdc7f7532319e86f8380d14bbd3084e6348df56bdfe6fd/setproctitle-1.3.7-cp314-cp314t-win32.whl", hash = "sha256:02432f26f5d1329ab22279ff863c83589894977063f59e6c4b4845804a08f8c2", size = 12745, upload-time = "2025-09-05T12:50:41.377Z" },
    { url = "https://files.pythonhosted.org/packages/08/b6/3a5a4f9952972791a9114ac01dfc123f0df79903577a3e0a7a404a695586/setproctitle-1.3.7-cp314-cp314t-win_amd64.whl", hash = "sha256:cbc388e3d86da1f766d8fc2e12682e446064c01cea9f88a88647cfe7c011de6a", size = 13469, upload-time = "2025-09-05T12:50:42.67Z" },
    { url = "https://files.pythonhosted.org/packages/c3/5b/5e1c117ac84e3cefcf8d7a7f6b2461795a87e20869da065a5c087149060b/setproctitle-1.3.7-pp311-pypy311_pp73-macosx_11_0_arm64.whl", hash = "sha256:b1cac6a4b0252b8811d60b6d8d0f157c0fdfed379ac89c25a914e6346cf355a1", size = 12587, upload-time = "2025-09-05T12:51:21.195Z" },
    { url = "https://files.pythonhosted.org/packages/73/02/b9eadc226195dcfa90eed37afe56b5dd6fa2f0e5220ab8b7867b8862b926/setproctitle-1.3.7-pp311-pypy311_pp73-manylinux1_x86_64.manylinux_2_28_x86_64.manylinux_2_5_x86_64.whl", hash = "sha256:f1704c9e041f2b1dc38f5be4552e141e1432fba3dd52c72eeffd5bc2db04dc65", size = 14286, upload-time = "2025-09-05T12:51:22.61Z" },
    { url = "https://files.pythonhosted.org/packages/28/26/1be1d2a53c2a91ec48fa2ff4a409b395f836798adf194d99de9c059419ea/setproctitle-1.3.7-pp311-pypy311_pp73-win_amd64.whl", hash = "sha256:b08b61976ffa548bd5349ce54404bf6b2d51bd74d4f1b241ed1b0f25bce09c3a", size = 13282, upload-time = "2025-09-05T12:51:24.094Z" },
]

[[package]]
name = "textual"
version = "7.5.0"
source = { registry = "https://pypi.org/simple" }
dependencies = [
    { name = "markdown-it-py", extra = ["linkify"] },
    { name = "mdit-py-plugins" },
    { name = "platformdirs" },
    { name = "pygments" },
    { name = "rich" },
    { name = "typing-extensions" },
]
sdist = { url = "https://files.pythonhosted.org/packages/9f/38/7d169a765993efde5095c70a668bf4f5831bb7ac099e932f2783e9b71abf/textual-7.5.0.tar.gz", hash = "sha256:c730cba1e3d704e8f1ca915b6a3af01451e3bca380114baacf6abf87e9dac8b6", size = 1592319, upload-time = "2026-01-30T13:46:39.881Z" }
wheels = [
    { url = "https://files.pythonhosted.org/packages/9c/78/96ddb99933e11d91bc6e05edae23d2687e44213066bcbaca338898c73c47/textual-7.5.0-py3-none-any.whl", hash = "sha256:849dfee9d705eab3b2d07b33152b7bd74fb1f5056e002873cc448bce500c6374", size = 718164, upload-time = "2026-01-30T13:46:37.635Z" },
]

[[package]]
name = "typing-extensions"
version = "4.15.0"
source = { registry = "https://pypi.org/simple" }
sdist = { url = "https://files.pythonhosted.org/packages/72/94/1a15dd82efb362ac84269196e94cf00f187f7ed21c242792a923cdb1c61f/typing_extensions-4.15.0.tar.gz", hash = "sha256:0cea48d173cc12fa28ecabc3b837ea3cf6f38c6d1136f85cbaaf598984861466", size = 109391, upload-time = "2025-08-25T13:49:26.313Z" }
wheels = [
    { url = "https://files.pythonhosted.org/packages/18/67/36e9267722cc04a6b9f15c7f3441c2363321a3ea07da7ae0c0707beb2a9c/typing_extensions-4.15.0-py3-none-any.whl", hash = "sha256:f0fa19c6845758ab08074a0cfa8b7aecb71c999ca73d62883bc25cc018c4e548", size = 44614, upload-time = "2025-08-25T13:49:24.86Z" },
]

[[package]]
name = "uc-micro-py"
version = "1.0.3"
source = { registry = "https://pypi.org/simple" }
sdist = { url = "https://files.pythonhosted.org/packages/91/7a/146a99696aee0609e3712f2b44c6274566bc368dfe8375191278045186b8/uc-micro-py-1.0.3.tar.gz", hash = "sha256:d321b92cff673ec58027c04015fcaa8bb1e005478643ff4a500882eaab88c48a", size = 6043, upload-time = "2024-02-09T16:52:01.654Z" }
wheels = [
    { url = "https://files.pythonhosted.org/packages/37/87/1f677586e8ac487e29672e4b17455758fce261de06a0d086167bb760361a/uc_micro_py-1.0.3-py3-none-any.whl", hash = "sha256:db1dffff340817673d7b466ec86114a9dc0e9d4d9b5ba229d9d60e5c12600cd5", size = 6229, upload-time = "2024-02-09T16:52:00.371Z" },
]
